// !$*UTF8*$!
{
	archiveVersion = 1;
	classes = {
	};
	objectVersion = 46;
	objects = {

/* Begin PBXBuildFile section */
		4D1050EF1CA9D266009C38C3 /* StorageTests.m in Sources */ = {isa = PBXBuildFile; fileRef = 4D1050EE1CA9D266009C38C3 /* StorageTests.m */; };
		4D1050F31CA9DB25009C38C3 /* MatcherTests.m in Sources */ = {isa = PBXBuildFile; fileRef = 4D1050F21CA9DB25009C38C3 /* MatcherTests.m */; };
		4D45EB8E1CA5BC1C00587968 /* main.m in Sources */ = {isa = PBXBuildFile; fileRef = 4D45EB8D1CA5BC1C00587968 /* main.m */; };
		4D45EB911CA5BC1C00587968 /* AppDelegate.m in Sources */ = {isa = PBXBuildFile; fileRef = 4D45EB901CA5BC1C00587968 /* AppDelegate.m */; };
		4D45EB991CA5BC1C00587968 /* Assets.xcassets in Resources */ = {isa = PBXBuildFile; fileRef = 4D45EB981CA5BC1C00587968 /* Assets.xcassets */; };
		4D45EB9C1CA5BC1C00587968 /* LaunchScreen.storyboard in Resources */ = {isa = PBXBuildFile; fileRef = 4D45EB9A1CA5BC1C00587968 /* LaunchScreen.storyboard */; };
		4D45EBA71CA5BC1C00587968 /* PolygonTests.m in Sources */ = {isa = PBXBuildFile; fileRef = 4D45EBA61CA5BC1C00587968 /* PolygonTests.m */; };
		4D45EBC61CA5C26D00587968 /* MainScreenViewController.m in Sources */ = {isa = PBXBuildFile; fileRef = 4D45EBC41CA5C26D00587968 /* MainScreenViewController.m */; };
		4D45EBC91CA5C28200587968 /* MainScreenViewController.xib in Resources */ = {isa = PBXBuildFile; fileRef = 4D45EBC81CA5C28200587968 /* MainScreenViewController.xib */; };
		4D45EBCC1CA5C33200587968 /* world-stripped.kml in Resources */ = {isa = PBXBuildFile; fileRef = 4D45EBCB1CA5C33200587968 /* world-stripped.kml */; };
		4D745E101CA6B5C9006FB730 /* KML.m in Sources */ = {isa = PBXBuildFile; fileRef = 4D745E071CA6B5C9006FB730 /* KML.m */; };
		4D745E111CA6B5C9006FB730 /* KMLCountry.m in Sources */ = {isa = PBXBuildFile; fileRef = 4D745E091CA6B5C9006FB730 /* KMLCountry.m */; };
		4D745E121CA6B5C9006FB730 /* KMLLocation.m in Sources */ = {isa = PBXBuildFile; fileRef = 4D745E0B1CA6B5C9006FB730 /* KMLLocation.m */; };
		4D745E131CA6B5C9006FB730 /* KMLParser.m in Sources */ = {isa = PBXBuildFile; fileRef = 4D745E0D1CA6B5C9006FB730 /* KMLParser.m */; };
		4D745E181CA6B6FE006FB730 /* Location.m in Sources */ = {isa = PBXBuildFile; fileRef = 4D745E171CA6B6FE006FB730 /* Location.m */; };
		4D745E1D1CA6BA08006FB730 /* CommonViewController.m in Sources */ = {isa = PBXBuildFile; fileRef = 4D745E1C1CA6BA08006FB730 /* CommonViewController.m */; };
		4D745E241CA6C0FB006FB730 /* KMLMatcher.m in Sources */ = {isa = PBXBuildFile; fileRef = 4D745E231CA6C0FB006FB730 /* KMLMatcher.m */; };
		4D745E281CA6C1A2006FB730 /* Storage.m in Sources */ = {isa = PBXBuildFile; fileRef = 4D745E271CA6C1A2006FB730 /* Storage.m */; };
		4D745E2B1CA6C72E006FB730 /* KMLMatch.m in Sources */ = {isa = PBXBuildFile; fileRef = 4D745E2A1CA6C72E006FB730 /* KMLMatch.m */; };
		4D745E301CA6D274006FB730 /* LoaderView.m in Sources */ = {isa = PBXBuildFile; fileRef = 4D745E2E1CA6D274006FB730 /* LoaderView.m */; };
		4D745E311CA6D274006FB730 /* LoaderView.xib in Resources */ = {isa = PBXBuildFile; fileRef = 4D745E2F1CA6D274006FB730 /* LoaderView.xib */; };
		4D745E341CA6D79F006FB730 /* KMLPolygon.m in Sources */ = {isa = PBXBuildFile; fileRef = 4D745E331CA6D79F006FB730 /* KMLPolygon.m */; };
		4D745E381CA6D965006FB730 /* KMLCommon.m in Sources */ = {isa = PBXBuildFile; fileRef = 4D745E371CA6D965006FB730 /* KMLCommon.m */; };
		4D745E451CA718EB006FB730 /* MapView.m in Sources */ = {isa = PBXBuildFile; fileRef = 4D745E441CA718EB006FB730 /* MapView.m */; };
/* End PBXBuildFile section */

/* Begin PBXContainerItemProxy section */
		4D45EBA31CA5BC1C00587968 /* PBXContainerItemProxy */ = {
			isa = PBXContainerItemProxy;
			containerPortal = 4D45EB811CA5BC1C00587968 /* Project object */;
			proxyType = 1;
			remoteGlobalIDString = 4D45EB881CA5BC1C00587968;
			remoteInfo = MapTest;
		};
/* End PBXContainerItemProxy section */

/* Begin PBXFileReference section */
		4D1050EE1CA9D266009C38C3 /* StorageTests.m */ = {isa = PBXFileReference; fileEncoding = 4; lastKnownFileType = sourcecode.c.objc; path = StorageTests.m; sourceTree = "<group>"; };
		4D1050F21CA9DB25009C38C3 /* MatcherTests.m */ = {isa = PBXFileReference; fileEncoding = 4; lastKnownFileType = sourcecode.c.objc; path = MatcherTests.m; sourceTree = "<group>"; };
		4D45EB891CA5BC1C00587968 /* MapTest.app */ = {isa = PBXFileReference; explicitFileType = wrapper.application; includeInIndex = 0; path = MapTest.app; sourceTree = BUILT_PRODUCTS_DIR; };
		4D45EB8D1CA5BC1C00587968 /* main.m */ = {isa = PBXFileReference; lastKnownFileType = sourcecode.c.objc; path = main.m; sourceTree = "<group>"; };
		4D45EB8F1CA5BC1C00587968 /* AppDelegate.h */ = {isa = PBXFileReference; lastKnownFileType = sourcecode.c.h; path = AppDelegate.h; sourceTree = "<group>"; };
		4D45EB901CA5BC1C00587968 /* AppDelegate.m */ = {isa = PBXFileReference; lastKnownFileType = sourcecode.c.objc; path = AppDelegate.m; sourceTree = "<group>"; };
		4D45EB981CA5BC1C00587968 /* Assets.xcassets */ = {isa = PBXFileReference; lastKnownFileType = folder.assetcatalog; path = Assets.xcassets; sourceTree = "<group>"; };
		4D45EB9B1CA5BC1C00587968 /* Base */ = {isa = PBXFileReference; lastKnownFileType = file.storyboard; name = Base; path = Base.lproj/LaunchScreen.storyboard; sourceTree = "<group>"; };
		4D45EB9D1CA5BC1C00587968 /* Info.plist */ = {isa = PBXFileReference; lastKnownFileType = text.plist.xml; path = Info.plist; sourceTree = "<group>"; };
		4D45EBA21CA5BC1C00587968 /* MapTestTests.xctest */ = {isa = PBXFileReference; explicitFileType = wrapper.cfbundle; includeInIndex = 0; path = MapTestTests.xctest; sourceTree = BUILT_PRODUCTS_DIR; };
		4D45EBA61CA5BC1C00587968 /* PolygonTests.m */ = {isa = PBXFileReference; lastKnownFileType = sourcecode.c.objc; path = PolygonTests.m; sourceTree = "<group>"; };
		4D45EBA81CA5BC1D00587968 /* Info.plist */ = {isa = PBXFileReference; lastKnownFileType = text.plist.xml; path = Info.plist; sourceTree = "<group>"; };
		4D45EBC31CA5C26D00587968 /* MainScreenViewController.h */ = {isa = PBXFileReference; fileEncoding = 4; lastKnownFileType = sourcecode.c.h; path = MainScreenViewController.h; sourceTree = "<group>"; };
		4D45EBC41CA5C26D00587968 /* MainScreenViewController.m */ = {isa = PBXFileReference; fileEncoding = 4; lastKnownFileType = sourcecode.c.objc; path = MainScreenViewController.m; sourceTree = "<group>"; };
		4D45EBC81CA5C28200587968 /* MainScreenViewController.xib */ = {isa = PBXFileReference; fileEncoding = 4; lastKnownFileType = file.xib; path = MainScreenViewController.xib; sourceTree = "<group>"; };
		4D45EBCB1CA5C33200587968 /* world-stripped.kml */ = {isa = PBXFileReference; fileEncoding = 4; lastKnownFileType = text.xml; path = "world-stripped.kml"; sourceTree = "<group>"; };
		4D45EBD11CA5C3BD00587968 /* Common.h */ = {isa = PBXFileReference; lastKnownFileType = sourcecode.c.h; path = Common.h; sourceTree = "<group>"; };
		4D745E061CA6B5C9006FB730 /* KML.h */ = {isa = PBXFileReference; fileEncoding = 4; lastKnownFileType = sourcecode.c.h; path = KML.h; sourceTree = "<group>"; };
		4D745E071CA6B5C9006FB730 /* KML.m */ = {isa = PBXFileReference; fileEncoding = 4; lastKnownFileType = sourcecode.c.objc; path = KML.m; sourceTree = "<group>"; };
		4D745E081CA6B5C9006FB730 /* KMLCountry.h */ = {isa = PBXFileReference; fileEncoding = 4; lastKnownFileType = sourcecode.c.h; path = KMLCountry.h; sourceTree = "<group>"; };
		4D745E091CA6B5C9006FB730 /* KMLCountry.m */ = {isa = PBXFileReference; fileEncoding = 4; lastKnownFileType = sourcecode.c.objc; path = KMLCountry.m; sourceTree = "<group>"; };
		4D745E0A1CA6B5C9006FB730 /* KMLLocation.h */ = {isa = PBXFileReference; fileEncoding = 4; lastKnownFileType = sourcecode.c.h; path = KMLLocation.h; sourceTree = "<group>"; };
		4D745E0B1CA6B5C9006FB730 /* KMLLocation.m */ = {isa = PBXFileReference; fileEncoding = 4; lastKnownFileType = sourcecode.c.objc; path = KMLLocation.m; sourceTree = "<group>"; };
		4D745E0C1CA6B5C9006FB730 /* KMLParser.h */ = {isa = PBXFileReference; fileEncoding = 4; lastKnownFileType = sourcecode.c.h; path = KMLParser.h; sourceTree = "<group>"; };
		4D745E0D1CA6B5C9006FB730 /* KMLParser.m */ = {isa = PBXFileReference; fileEncoding = 4; lastKnownFileType = sourcecode.c.objc; path = KMLParser.m; sourceTree = "<group>"; };
		4D745E161CA6B6FE006FB730 /* Location.h */ = {isa = PBXFileReference; fileEncoding = 4; lastKnownFileType = sourcecode.c.h; path = Location.h; sourceTree = "<group>"; };
		4D745E171CA6B6FE006FB730 /* Location.m */ = {isa = PBXFileReference; fileEncoding = 4; lastKnownFileType = sourcecode.c.objc; path = Location.m; sourceTree = "<group>"; };
		4D745E1B1CA6BA08006FB730 /* CommonViewController.h */ = {isa = PBXFileReference; fileEncoding = 4; lastKnownFileType = sourcecode.c.h; path = CommonViewController.h; sourceTree = "<group>"; };
		4D745E1C1CA6BA08006FB730 /* CommonViewController.m */ = {isa = PBXFileReference; fileEncoding = 4; lastKnownFileType = sourcecode.c.objc; path = CommonViewController.m; sourceTree = "<group>"; };
		4D745E221CA6C0FB006FB730 /* KMLMatcher.h */ = {isa = PBXFileReference; fileEncoding = 4; lastKnownFileType = sourcecode.c.h; path = KMLMatcher.h; sourceTree = "<group>"; };
		4D745E231CA6C0FB006FB730 /* KMLMatcher.m */ = {isa = PBXFileReference; fileEncoding = 4; lastKnownFileType = sourcecode.c.objc; path = KMLMatcher.m; sourceTree = "<group>"; };
		4D745E261CA6C1A2006FB730 /* Storage.h */ = {isa = PBXFileReference; fileEncoding = 4; lastKnownFileType = sourcecode.c.h; path = Storage.h; sourceTree = "<group>"; };
		4D745E271CA6C1A2006FB730 /* Storage.m */ = {isa = PBXFileReference; fileEncoding = 4; lastKnownFileType = sourcecode.c.objc; path = Storage.m; sourceTree = "<group>"; };
		4D745E291CA6C72E006FB730 /* KMLMatch.h */ = {isa = PBXFileReference; fileEncoding = 4; lastKnownFileType = sourcecode.c.h; path = KMLMatch.h; sourceTree = "<group>"; };
		4D745E2A1CA6C72E006FB730 /* KMLMatch.m */ = {isa = PBXFileReference; fileEncoding = 4; lastKnownFileType = sourcecode.c.objc; path = KMLMatch.m; sourceTree = "<group>"; };
		4D745E2D1CA6D274006FB730 /* LoaderView.h */ = {isa = PBXFileReference; fileEncoding = 4; lastKnownFileType = sourcecode.c.h; path = LoaderView.h; sourceTree = "<group>"; };
		4D745E2E1CA6D274006FB730 /* LoaderView.m */ = {isa = PBXFileReference; fileEncoding = 4; lastKnownFileType = sourcecode.c.objc; path = LoaderView.m; sourceTree = "<group>"; };
		4D745E2F1CA6D274006FB730 /* LoaderView.xib */ = {isa = PBXFileReference; fileEncoding = 4; lastKnownFileType = file.xib; path = LoaderView.xib; sourceTree = "<group>"; };
		4D745E321CA6D79F006FB730 /* KMLPolygon.h */ = {isa = PBXFileReference; fileEncoding = 4; lastKnownFileType = sourcecode.c.h; path = KMLPolygon.h; sourceTree = "<group>"; };
		4D745E331CA6D79F006FB730 /* KMLPolygon.m */ = {isa = PBXFileReference; fileEncoding = 4; lastKnownFileType = sourcecode.c.objc; path = KMLPolygon.m; sourceTree = "<group>"; };
		4D745E361CA6D965006FB730 /* KMLCommon.h */ = {isa = PBXFileReference; fileEncoding = 4; lastKnownFileType = sourcecode.c.h; path = KMLCommon.h; sourceTree = "<group>"; };
		4D745E371CA6D965006FB730 /* KMLCommon.m */ = {isa = PBXFileReference; fileEncoding = 4; lastKnownFileType = sourcecode.c.objc; path = KMLCommon.m; sourceTree = "<group>"; };
		4D745E431CA718EB006FB730 /* MapView.h */ = {isa = PBXFileReference; fileEncoding = 4; lastKnownFileType = sourcecode.c.h; path = MapView.h; sourceTree = "<group>"; };
		4D745E441CA718EB006FB730 /* MapView.m */ = {isa = PBXFileReference; fileEncoding = 4; lastKnownFileType = sourcecode.c.objc; path = MapView.m; sourceTree = "<group>"; };
/* End PBXFileReference section */

/* Begin PBXFrameworksBuildPhase section */
		4D45EB861CA5BC1C00587968 /* Frameworks */ = {
			isa = PBXFrameworksBuildPhase;
			buildActionMask = 2147483647;
			files = (
			);
			runOnlyForDeploymentPostprocessing = 0;
		};
		4D45EB9F1CA5BC1C00587968 /* Frameworks */ = {
			isa = PBXFrameworksBuildPhase;
			buildActionMask = 2147483647;
			files = (
			);
			runOnlyForDeploymentPostprocessing = 0;
		};
/* End PBXFrameworksBuildPhase section */

/* Begin PBXGroup section */
		4D45EB801CA5BC1C00587968 = {
			isa = PBXGroup;
			children = (
				4D45EB8B1CA5BC1C00587968 /* MapTest */,
				4D45EBA51CA5BC1C00587968 /* MapTestTests */,
				4D45EB8A1CA5BC1C00587968 /* Products */,
			);
			sourceTree = "<group>";
			usesTabs = 0;
		};
		4D45EB8A1CA5BC1C00587968 /* Products */ = {
			isa = PBXGroup;
			children = (
				4D45EB891CA5BC1C00587968 /* MapTest.app */,
				4D45EBA21CA5BC1C00587968 /* MapTestTests.xctest */,
			);
			name = Products;
			sourceTree = "<group>";
		};
		4D45EB8B1CA5BC1C00587968 /* MapTest */ = {
			isa = PBXGroup;
			children = (
				4D45EBD11CA5C3BD00587968 /* Common.h */,
				4D45EBBF1CA5C22500587968 /* Components */,
				4D45EB8F1CA5BC1C00587968 /* AppDelegate.h */,
				4D45EB901CA5BC1C00587968 /* AppDelegate.m */,
				4D45EB981CA5BC1C00587968 /* Assets.xcassets */,
				4D45EB9A1CA5BC1C00587968 /* LaunchScreen.storyboard */,
				4D45EB9D1CA5BC1C00587968 /* Info.plist */,
				4D45EBCA1CA5C33200587968 /* Resources */,
				4D45EB8C1CA5BC1C00587968 /* Supporting Files */,
			);
			path = MapTest;
			sourceTree = "<group>";
		};
		4D45EB8C1CA5BC1C00587968 /* Supporting Files */ = {
			isa = PBXGroup;
			children = (
				4D45EB8D1CA5BC1C00587968 /* main.m */,
			);
			name = "Supporting Files";
			sourceTree = "<group>";
		};
		4D45EBA51CA5BC1C00587968 /* MapTestTests */ = {
			isa = PBXGroup;
			children = (
				4D1050F21CA9DB25009C38C3 /* MatcherTests.m */,
				4D45EBA61CA5BC1C00587968 /* PolygonTests.m */,
				4D1050EE1CA9D266009C38C3 /* StorageTests.m */,
				4D45EBA81CA5BC1D00587968 /* Info.plist */,
			);
			path = MapTestTests;
			sourceTree = "<group>";
		};
		4D45EBBF1CA5C22500587968 /* Components */ = {
			isa = PBXGroup;
			children = (
				4D745E191CA6B9F3006FB730 /* Common */,
				4D745E051CA6B5C9006FB730 /* KML */,
				4D745E151CA6B5F2006FB730 /* Location */,
				4D45EBC01CA5C22500587968 /* MainScreen */,
				4D745E251CA6C1A2006FB730 /* Storage */,
			);
			path = Components;
			sourceTree = "<group>";
		};
		4D45EBC01CA5C22500587968 /* MainScreen */ = {
			isa = PBXGroup;
			children = (
				4D45EBC11CA5C22500587968 /* Controllers */,
				4D45EBC21CA5C22500587968 /* Views */,
			);
			path = MainScreen;
			sourceTree = "<group>";
		};
		4D45EBC11CA5C22500587968 /* Controllers */ = {
			isa = PBXGroup;
			children = (
				4D45EBC31CA5C26D00587968 /* MainScreenViewController.h */,
				4D45EBC41CA5C26D00587968 /* MainScreenViewController.m */,
			);
			path = Controllers;
			sourceTree = "<group>";
		};
		4D45EBC21CA5C22500587968 /* Views */ = {
			isa = PBXGroup;
			children = (
				4D45EBC81CA5C28200587968 /* MainScreenViewController.xib */,
				4D745E431CA718EB006FB730 /* MapView.h */,
				4D745E441CA718EB006FB730 /* MapView.m */,
			);
			path = Views;
			sourceTree = "<group>";
		};
		4D45EBCA1CA5C33200587968 /* Resources */ = {
			isa = PBXGroup;
			children = (
				4D45EBCB1CA5C33200587968 /* world-stripped.kml */,
			);
			path = Resources;
			sourceTree = "<group>";
		};
		4D745E051CA6B5C9006FB730 /* KML */ = {
			isa = PBXGroup;
			children = (
				4D745E361CA6D965006FB730 /* KMLCommon.h */,
				4D745E371CA6D965006FB730 /* KMLCommon.m */,
				4D745E061CA6B5C9006FB730 /* KML.h */,
				4D745E071CA6B5C9006FB730 /* KML.m */,
				4D745E081CA6B5C9006FB730 /* KMLCountry.h */,
				4D745E091CA6B5C9006FB730 /* KMLCountry.m */,
				4D745E321CA6D79F006FB730 /* KMLPolygon.h */,
				4D745E331CA6D79F006FB730 /* KMLPolygon.m */,
				4D745E0A1CA6B5C9006FB730 /* KMLLocation.h */,
				4D745E0B1CA6B5C9006FB730 /* KMLLocation.m */,
				4D745E291CA6C72E006FB730 /* KMLMatch.h */,
				4D745E2A1CA6C72E006FB730 /* KMLMatch.m */,
				4D745E221CA6C0FB006FB730 /* KMLMatcher.h */,
				4D745E231CA6C0FB006FB730 /* KMLMatcher.m */,
				4D745E0C1CA6B5C9006FB730 /* KMLParser.h */,
				4D745E0D1CA6B5C9006FB730 /* KMLParser.m */,
			);
			path = KML;
			sourceTree = "<group>";
		};
		4D745E151CA6B5F2006FB730 /* Location */ = {
			isa = PBXGroup;
			children = (
				4D745E161CA6B6FE006FB730 /* Location.h */,
				4D745E171CA6B6FE006FB730 /* Location.m */,
			);
			path = Location;
			sourceTree = "<group>";
		};
		4D745E191CA6B9F3006FB730 /* Common */ = {
			isa = PBXGroup;
			children = (
				4D745E1A1CA6B9F3006FB730 /* Controllers */,
				4D745E2C1CA6D274006FB730 /* Views */,
			);
			path = Common;
			sourceTree = "<group>";
		};
		4D745E1A1CA6B9F3006FB730 /* Controllers */ = {
			isa = PBXGroup;
			children = (
				4D745E1B1CA6BA08006FB730 /* CommonViewController.h */,
				4D745E1C1CA6BA08006FB730 /* CommonViewController.m */,
			);
			path = Controllers;
			sourceTree = "<group>";
		};
		4D745E251CA6C1A2006FB730 /* Storage */ = {
			isa = PBXGroup;
			children = (
				4D745E261CA6C1A2006FB730 /* Storage.h */,
				4D745E271CA6C1A2006FB730 /* Storage.m */,
			);
			path = Storage;
			sourceTree = "<group>";
		};
		4D745E2C1CA6D274006FB730 /* Views */ = {
			isa = PBXGroup;
			children = (
				4D745E2D1CA6D274006FB730 /* LoaderView.h */,
				4D745E2E1CA6D274006FB730 /* LoaderView.m */,
				4D745E2F1CA6D274006FB730 /* LoaderView.xib */,
			);
			path = Views;
			sourceTree = "<group>";
		};
/* End PBXGroup section */

/* Begin PBXNativeTarget section */
		4D45EB881CA5BC1C00587968 /* MapTest */ = {
			isa = PBXNativeTarget;
			buildConfigurationList = 4D45EBB61CA5BC1E00587968 /* Build configuration list for PBXNativeTarget "MapTest" */;
			buildPhases = (
				4D45EB851CA5BC1C00587968 /* Sources */,
				4D45EB861CA5BC1C00587968 /* Frameworks */,
				4D45EB871CA5BC1C00587968 /* Resources */,
			);
			buildRules = (
			);
			dependencies = (
			);
			name = MapTest;
			productName = MapTest;
			productReference = 4D45EB891CA5BC1C00587968 /* MapTest.app */;
			productType = "com.apple.product-type.application";
		};
		4D45EBA11CA5BC1C00587968 /* MapTestTests */ = {
			isa = PBXNativeTarget;
			buildConfigurationList = 4D45EBB91CA5BC1E00587968 /* Build configuration list for PBXNativeTarget "MapTestTests" */;
			buildPhases = (
				4D45EB9E1CA5BC1C00587968 /* Sources */,
				4D45EB9F1CA5BC1C00587968 /* Frameworks */,
				4D45EBA01CA5BC1C00587968 /* Resources */,
			);
			buildRules = (
			);
			dependencies = (
				4D45EBA41CA5BC1C00587968 /* PBXTargetDependency */,
			);
			name = MapTestTests;
			productName = MapTestTests;
			productReference = 4D45EBA21CA5BC1C00587968 /* MapTestTests.xctest */;
			productType = "com.apple.product-type.bundle.unit-test";
		};
/* End PBXNativeTarget section */

/* Begin PBXProject section */
		4D45EB811CA5BC1C00587968 /* Project object */ = {
			isa = PBXProject;
			attributes = {
				LastUpgradeCheck = 0730;
				ORGANIZATIONNAME = Michael;
				TargetAttributes = {
					4D45EB881CA5BC1C00587968 = {
						CreatedOnToolsVersion = 7.3;
					};
					4D45EBA11CA5BC1C00587968 = {
						CreatedOnToolsVersion = 7.3;
						TestTargetID = 4D45EB881CA5BC1C00587968;
					};
				};
			};
			buildConfigurationList = 4D45EB841CA5BC1C00587968 /* Build configuration list for PBXProject "MapTest" */;
			compatibilityVersion = "Xcode 3.2";
			developmentRegion = English;
			hasScannedForEncodings = 0;
			knownRegions = (
				en,
				Base,
			);
			mainGroup = 4D45EB801CA5BC1C00587968;
			productRefGroup = 4D45EB8A1CA5BC1C00587968 /* Products */;
			projectDirPath = "";
			projectRoot = "";
			targets = (
				4D45EB881CA5BC1C00587968 /* MapTest */,
				4D45EBA11CA5BC1C00587968 /* MapTestTests */,
			);
		};
/* End PBXProject section */

/* Begin PBXResourcesBuildPhase section */
		4D45EB871CA5BC1C00587968 /* Resources */ = {
			isa = PBXResourcesBuildPhase;
			buildActionMask = 2147483647;
			files = (
				4D745E311CA6D274006FB730 /* LoaderView.xib in Resources */,
				4D45EBCC1CA5C33200587968 /* world-stripped.kml in Resources */,
				4D45EB9C1CA5BC1C00587968 /* LaunchScreen.storyboard in Resources */,
				4D45EB991CA5BC1C00587968 /* Assets.xcassets in Resources */,
				4D45EBC91CA5C28200587968 /* MainScreenViewController.xib in Resources */,
			);
			runOnlyForDeploymentPostprocessing = 0;
		};
		4D45EBA01CA5BC1C00587968 /* Resources */ = {
			isa = PBXResourcesBuildPhase;
			buildActionMask = 2147483647;
			files = (
			);
			runOnlyForDeploymentPostprocessing = 0;
		};
/* End PBXResourcesBuildPhase section */

/* Begin PBXSourcesBuildPhase section */
		4D45EB851CA5BC1C00587968 /* Sources */ = {
			isa = PBXSourcesBuildPhase;
			buildActionMask = 2147483647;
			files = (
				4D745E281CA6C1A2006FB730 /* Storage.m in Sources */,
				4D745E101CA6B5C9006FB730 /* KML.m in Sources */,
				4D45EBC61CA5C26D00587968 /* MainScreenViewController.m in Sources */,
				4D45EB911CA5BC1C00587968 /* AppDelegate.m in Sources */,
				4D745E181CA6B6FE006FB730 /* Location.m in Sources */,
				4D745E121CA6B5C9006FB730 /* KMLLocation.m in Sources */,
				4D745E341CA6D79F006FB730 /* KMLPolygon.m in Sources */,
				4D745E2B1CA6C72E006FB730 /* KMLMatch.m in Sources */,
				4D745E131CA6B5C9006FB730 /* KMLParser.m in Sources */,
				4D745E301CA6D274006FB730 /* LoaderView.m in Sources */,
				4D45EB8E1CA5BC1C00587968 /* main.m in Sources */,
				4D745E111CA6B5C9006FB730 /* KMLCountry.m in Sources */,
				4D745E241CA6C0FB006FB730 /* KMLMatcher.m in Sources */,
				4D745E451CA718EB006FB730 /* MapView.m in Sources */,
				4D745E1D1CA6BA08006FB730 /* CommonViewController.m in Sources */,
				4D745E381CA6D965006FB730 /* KMLCommon.m in Sources */,
			);
			runOnlyForDeploymentPostprocessing = 0;
		};
		4D45EB9E1CA5BC1C00587968 /* Sources */ = {
			isa = PBXSourcesBuildPhase;
			buildActionMask = 2147483647;
			files = (
				4D45EBA71CA5BC1C00587968 /* PolygonTests.m in Sources */,
				4D1050EF1CA9D266009C38C3 /* StorageTests.m in Sources */,
				4D1050F31CA9DB25009C38C3 /* MatcherTests.m in Sources */,
			);
			runOnlyForDeploymentPostprocessing = 0;
		};
/* End PBXSourcesBuildPhase section */

/* Begin PBXTargetDependency section */
		4D45EBA41CA5BC1C00587968 /* PBXTargetDependency */ = {
			isa = PBXTargetDependency;
			target = 4D45EB881CA5BC1C00587968 /* MapTest */;
			targetProxy = 4D45EBA31CA5BC1C00587968 /* PBXContainerItemProxy */;
		};
/* End PBXTargetDependency section */

/* Begin PBXVariantGroup section */
		4D45EB9A1CA5BC1C00587968 /* LaunchScreen.storyboard */ = {
			isa = PBXVariantGroup;
			children = (
				4D45EB9B1CA5BC1C00587968 /* Base */,
			);
			name = LaunchScreen.storyboard;
			sourceTree = "<group>";
		};
/* End PBXVariantGroup section */

/* Begin XCBuildConfiguration section */
		4D45EBB41CA5BC1E00587968 /* Debug */ = {
			isa = XCBuildConfiguration;
			buildSettings = {
				ALWAYS_SEARCH_USER_PATHS = NO;
				CLANG_ANALYZER_NONNULL = YES;
				CLANG_CXX_LANGUAGE_STANDARD = "gnu++0x";
				CLANG_CXX_LIBRARY = "libc++";
				CLANG_ENABLE_MODULES = YES;
				CLANG_ENABLE_OBJC_ARC = YES;
				CLANG_WARN_BOOL_CONVERSION = YES;
				CLANG_WARN_CONSTANT_CONVERSION = YES;
				CLANG_WARN_DIRECT_OBJC_ISA_USAGE = YES_ERROR;
				CLANG_WARN_EMPTY_BODY = YES;
				CLANG_WARN_ENUM_CONVERSION = YES;
				CLANG_WARN_INT_CONVERSION = YES;
				CLANG_WARN_OBJC_ROOT_CLASS = YES_ERROR;
				CLANG_WARN_UNREACHABLE_CODE = YES;
				CLANG_WARN__DUPLICATE_METHOD_MATCH = YES;
				"CODE_SIGN_IDENTITY[sdk=iphoneos*]" = "iPhone Developer";
				COPY_PHASE_STRIP = NO;
				DEBUG_INFORMATION_FORMAT = dwarf;
				ENABLE_STRICT_OBJC_MSGSEND = YES;
				ENABLE_TESTABILITY = YES;
				GCC_C_LANGUAGE_STANDARD = gnu99;
				GCC_DYNAMIC_NO_PIC = NO;
				GCC_NO_COMMON_BLOCKS = YES;
				GCC_OPTIMIZATION_LEVEL = 0;
				GCC_PREPROCESSOR_DEFINITIONS = (
					"DEBUG=1",
					"$(inherited)",
				);
				GCC_WARN_64_TO_32_BIT_CONVERSION = YES;
				GCC_WARN_ABOUT_RETURN_TYPE = YES_ERROR;
				GCC_WARN_UNDECLARED_SELECTOR = YES;
				GCC_WARN_UNINITIALIZED_AUTOS = YES_AGGRESSIVE;
				GCC_WARN_UNUSED_FUNCTION = YES;
				GCC_WARN_UNUSED_VARIABLE = YES;
				IPHONEOS_DEPLOYMENT_TARGET = 9.3;
				MTL_ENABLE_DEBUG_INFO = YES;
				ONLY_ACTIVE_ARCH = YES;
				SDKROOT = iphoneos;
				TARGETED_DEVICE_FAMILY = "1,2";
			};
			name = Debug;
		};
		4D45EBB51CA5BC1E00587968 /* Release */ = {
			isa = XCBuildConfiguration;
			buildSettings = {
				ALWAYS_SEARCH_USER_PATHS = NO;
				CLANG_ANALYZER_NONNULL = YES;
				CLANG_CXX_LANGUAGE_STANDARD = "gnu++0x";
				CLANG_CXX_LIBRARY = "libc++";
				CLANG_ENABLE_MODULES = YES;
				CLANG_ENABLE_OBJC_ARC = YES;
				CLANG_WARN_BOOL_CONVERSION = YES;
				CLANG_WARN_CONSTANT_CONVERSION = YES;
				CLANG_WARN_DIRECT_OBJC_ISA_USAGE = YES_ERROR;
				CLANG_WARN_EMPTY_BODY = YES;
				CLANG_WARN_ENUM_CONVERSION = YES;
				CLANG_WARN_INT_CONVERSION = YES;
				CLANG_WARN_OBJC_ROOT_CLASS = YES_ERROR;
				CLANG_WARN_UNREACHABLE_CODE = YES;
				CLANG_WARN__DUPLICATE_METHOD_MATCH = YES;
				"CODE_SIGN_IDENTITY[sdk=iphoneos*]" = "iPhone Developer";
				COPY_PHASE_STRIP = NO;
				DEBUG_INFORMATION_FORMAT = "dwarf-with-dsym";
				ENABLE_NS_ASSERTIONS = NO;
				ENABLE_STRICT_OBJC_MSGSEND = YES;
				GCC_C_LANGUAGE_STANDARD = gnu99;
				GCC_NO_COMMON_BLOCKS = YES;
				GCC_WARN_64_TO_32_BIT_CONVERSION = YES;
				GCC_WARN_ABOUT_RETURN_TYPE = YES_ERROR;
				GCC_WARN_UNDECLARED_SELECTOR = YES;
				GCC_WARN_UNINITIALIZED_AUTOS = YES_AGGRESSIVE;
				GCC_WARN_UNUSED_FUNCTION = YES;
				GCC_WARN_UNUSED_VARIABLE = YES;
				IPHONEOS_DEPLOYMENT_TARGET = 9.3;
				MTL_ENABLE_DEBUG_INFO = NO;
				SDKROOT = iphoneos;
				TARGETED_DEVICE_FAMILY = "1,2";
				VALIDATE_PRODUCT = YES;
			};
			name = Release;
		};
		4D45EBB71CA5BC1E00587968 /* Debug */ = {
			isa = XCBuildConfiguration;
			buildSettings = {
				ASSETCATALOG_COMPILER_APPICON_NAME = AppIcon;
				CODE_SIGN_IDENTITY = "iPhone Developer";
				INFOPLIST_FILE = MapTest/Info.plist;
				LD_RUNPATH_SEARCH_PATHS = "$(inherited) @executable_path/Frameworks";
				PRODUCT_BUNDLE_IDENTIFIER = in.kalin.MapTest;
				PRODUCT_NAME = "$(TARGET_NAME)";
			};
			name = Debug;
		};
		4D45EBB81CA5BC1E00587968 /* Release */ = {
			isa = XCBuildConfiguration;
			buildSettings = {
				ASSETCATALOG_COMPILER_APPICON_NAME = AppIcon;
				CODE_SIGN_IDENTITY = "iPhone Developer";
				INFOPLIST_FILE = MapTest/Info.plist;
				LD_RUNPATH_SEARCH_PATHS = "$(inherited) @executable_path/Frameworks";
				PRODUCT_BUNDLE_IDENTIFIER = in.kalin.MapTest;
				PRODUCT_NAME = "$(TARGET_NAME)";
			};
			name = Release;
		};
		4D45EBBA1CA5BC1E00587968 /* Debug */ = {
			isa = XCBuildConfiguration;
			buildSettings = {
				BUNDLE_LOADER = "$(TEST_HOST)";
				INFOPLIST_FILE = MapTestTests/Info.plist;
				LD_RUNPATH_SEARCH_PATHS = "$(inherited) @executable_path/Frameworks @loader_path/Frameworks";
				PRODUCT_BUNDLE_IDENTIFIER = in.kalin.MapTestTests;
				PRODUCT_NAME = "$(TARGET_NAME)";
				TEST_HOST = "$(BUILT_PRODUCTS_DIR)/MapTest.app/MapTest";
			};
			name = Debug;
		};
		4D45EBBB1CA5BC1E00587968 /* Release */ = {
			isa = XCBuildConfiguration;
			buildSettings = {
				BUNDLE_LOADER = "$(TEST_HOST)";
				INFOPLIST_FILE = MapTestTests/Info.plist;
				LD_RUNPATH_SEARCH_PATHS = "$(inherited) @executable_path/Frameworks @loader_path/Frameworks";
				PRODUCT_BUNDLE_IDENTIFIER = in.kalin.MapTestTests;
				PRODUCT_NAME = "$(TARGET_NAME)";
				TEST_HOST = "$(BUILT_PRODUCTS_DIR)/MapTest.app/MapTest";
			};
			name = Release;
		};
/* End XCBuildConfiguration section */

/* Begin XCConfigurationList section */
		4D45EB841CA5BC1C00587968 /* Build configuration list for PBXProject "MapTest" */ = {
			isa = XCConfigurationList;
			buildConfigurations = (
				4D45EBB41CA5BC1E00587968 /* Debug */,
				4D45EBB51CA5BC1E00587968 /* Release */,
			);
			defaultConfigurationIsVisible = 0;
			defaultConfigurationName = Release;
		};
		4D45EBB61CA5BC1E00587968 /* Build configuration list for PBXNativeTarget "MapTest" */ = {
			isa = XCConfigurationList;
			buildConfigurations = (
				4D45EBB71CA5BC1E00587968 /* Debug */,
				4D45EBB81CA5BC1E00587968 /* Release */,
			);
			defaultConfigurationIsVisible = 0;
			defaultConfigurationName = Release;
		};
		4D45EBB91CA5BC1E00587968 /* Build configuration list for PBXNativeTarget "MapTestTests" */ = {
			isa = XCConfigurationList;
			buildConfigurations = (
				4D45EBBA1CA5BC1E00587968 /* Debug */,
				4D45EBBB1CA5BC1E00587968 /* Release */,
			);
			defaultConfigurationIsVisible = 0;
			defaultConfigurationName = Release;
		};
/* End XCConfigurationList section */
	};
	rootObject = 4D45EB811CA5BC1C00587968 /* Project object */;
}
